
Microsoft Visual Studio Solution File, Format Version 12.00
# Visual Studio Version 16
VisualStudioVersion = 16.0.28922.388
MinimumVisualStudioVersion = 10.0.40219.1
Project("{FAE04EC0-301F-11D3-BF4B-00C04F79EFBC}") = "CreateHtmlFiles", "CreateHtmlFiles.csproj", "{694EB474-AB41-4E36-8547-585C2A366AE3}"
EndProject
Global
	GlobalSection(SolutionConfigurationPlatforms) = preSolution
		Debug|Any CPU = Debug|Any CPU
		Release|Any CPU = Release|Any CPU
	EndGlobalSection
	GlobalSection(ProjectConfigurationPlatforms) = postSolution
		{694EB474-AB41-4E36-8547-585C2A366AE3}.Debug|Any CPU.ActiveCfg = Debug|Any CPU
		{694EB474-AB41-4E36-8547-585C2A366AE3}.Debug|Any CPU.Build.0 = Debug|Any CPU
		{694EB474-AB41-4E36-8547-585C2A366AE3}.Release|Any CPU.ActiveCfg = Release|Any CPU
		{694EB474-AB41-4E36-8547-585C2A366AE3}.Release|Any CPU.Build.0 = Release|Any CPU
	EndGlobalSection
	GlobalSection(SolutionProperties) = preSolution
		HideSolutionNode = FALSE
	EndGlobalSection
	GlobalSection(ExtensibilityGlobals) = postSolution
		SolutionGuid = {56A00950-1C16-47EF-8B9C-A885F02CF725}
	EndGlobalSection
EndGlobal
